<?xml version="1.0" encoding="utf-8"?>
<Project ToolsVersion="4.0" xmlns="http://schemas.microsoft.com/developer/msbuild/2003">
  <ItemGroup>
    <Filter Include="소스 파일">
      <UniqueIdentifier>{4FC737F1-C7A5-4376-A066-2A32D752A2FF}</UniqueIdentifier>
      <Extensions>cpp;c;cc;cxx;c++;cppm;ixx;def;odl;idl;hpj;bat;asm;asmx</Extensions>
    </Filter>
    <Filter Include="헤더 파일">
      <UniqueIdentifier>{93995380-89BD-4b04-88EB-625FBE52EBFB}</UniqueIdentifier>
      <Extensions>h;hh;hpp;hxx;h++;hm;inl;inc;ipp;xsd</Extensions>
    </Filter>
    <Filter Include="리소스 파일">
      <UniqueIdentifier>{67DA6AB6-F800-4c08-8B7A-83BB121AAD01}</UniqueIdentifier>
      <Extensions>rc;ico;cur;bmp;dlg;rc2;rct;bin;rgs;gif;jpg;jpeg;jpe;resx;tiff;tif;png;wav;mfcribbon-ms</Extensions>
    </Filter>
    <Filter Include="헤더 파일\GameScene">
      <UniqueIdentifier>{a0b76887-6686-44ec-a743-b3eb547b4770}</UniqueIdentifier>
    </Filter>
    <Filter Include="소스 파일\GameScene">
      <UniqueIdentifier>{da875c4f-817d-413c-8731-a897138a073b}</UniqueIdentifier>
    </Filter>
    <Filter Include="헤더 파일\Component">
      <UniqueIdentifier>{47b4be40-7fc3-4df3-b949-78958094a49d}</UniqueIdentifier>
    </Filter>
    <Filter Include="소스 파일\Component">
      <UniqueIdentifier>{2a6f2045-5419-4cdd-a92f-98ada1a8ce12}</UniqueIdentifier>
    </Filter>
    <Filter Include="헤더 파일\Factory">
      <UniqueIdentifier>{aca13d64-60d7-46e0-a602-da67f19d9474}</UniqueIdentifier>
    </Filter>
    <Filter Include="헤더 파일\Manager">
      <UniqueIdentifier>{4ea0b105-288a-4ac2-a099-2adc3d3bcc69}</UniqueIdentifier>
    </Filter>
    <Filter Include="헤더 파일\Actor">
      <UniqueIdentifier>{352a45d5-4457-4547-ba30-7ec05d41791d}</UniqueIdentifier>
    </Filter>
    <Filter Include="소스 파일\Manager">
      <UniqueIdentifier>{fa140e40-0371-4546-8037-3be56d6e47da}</UniqueIdentifier>
    </Filter>
  </ItemGroup>
  <ItemGroup>
    <ClInclude Include="src\Game.h">
      <Filter>헤더 파일</Filter>
    </ClInclude>
    <ClInclude Include="src\GameObject.h">
      <Filter>헤더 파일</Filter>
    </ClInclude>
    <ClInclude Include="src\Window.h">
      <Filter>헤더 파일</Filter>
    </ClInclude>
    <ClInclude Include="src\GameScene\TitleScene.h">
      <Filter>헤더 파일\GameScene</Filter>
    </ClInclude>
    <ClInclude Include="src\Component\Button.h">
      <Filter>헤더 파일\Component</Filter>
    </ClInclude>
    <ClInclude Include="src\GameScene\IntroScene.h">
      <Filter>헤더 파일\GameScene</Filter>
    </ClInclude>
    <ClInclude Include="src\GameScene\PlayingScene.h">
      <Filter>헤더 파일\GameScene</Filter>
    </ClInclude>
    <ClInclude Include="src\GameScene\OutroScene.h">
      <Filter>헤더 파일\GameScene</Filter>
    </ClInclude>
    <ClInclude Include="src\Time.h">
      <Filter>헤더 파일</Filter>
    </ClInclude>
    <ClInclude Include="src\Stopwatch.h">
      <Filter>헤더 파일</Filter>
    </ClInclude>
    <ClInclude Include="src\Factory\ActorFactory.h">
      <Filter>헤더 파일\Factory</Filter>
    </ClInclude>
    <ClInclude Include="src\Actor\Actor.h">
      <Filter>헤더 파일\Actor</Filter>
    </ClInclude>
    <ClInclude Include="src\Actor\ActorTypes.h">
      <Filter>헤더 파일\Actor</Filter>
    </ClInclude>
    <ClInclude Include="src\Actor\Player.h">
      <Filter>헤더 파일\Actor</Filter>
    </ClInclude>
    <ClInclude Include="src\Manager\TextureManager.h">
      <Filter>헤더 파일\Manager</Filter>
    </ClInclude>
    <ClInclude Include="src\TextureAttribute.h">
      <Filter>헤더 파일</Filter>
    </ClInclude>
    <ClInclude Include="src\Component\Mouse.h">
      <Filter>헤더 파일\Component</Filter>
    </ClInclude>
    <ClInclude Include="src\MouseState.h">
      <Filter>헤더 파일</Filter>
    </ClInclude>
    <ClInclude Include="src\GameScene\GameScene.h">
      <Filter>헤더 파일\GameScene</Filter>
    </ClInclude>
  </ItemGroup>
  <ItemGroup>
    <ClCompile Include="src\Game.cpp">
      <Filter>소스 파일</Filter>
    </ClCompile>
    <ClCompile Include="src\GameObject.cpp">
      <Filter>소스 파일</Filter>
    </ClCompile>
    <ClCompile Include="src\main.cpp">
      <Filter>소스 파일</Filter>
    </ClCompile>
    <ClCompile Include="src\Window.cpp">
      <Filter>소스 파일</Filter>
    </ClCompile>
    <ClCompile Include="src\GameScene\GameScene.cpp">
      <Filter>소스 파일\GameScene</Filter>
    </ClCompile>
    <ClCompile Include="src\GameScene\TitleScene.cpp">
      <Filter>소스 파일\GameScene</Filter>
    </ClCompile>
    <ClCompile Include="src\Component\Button.cpp">
      <Filter>소스 파일\Component</Filter>
    </ClCompile>
    <ClCompile Include="src\GameScene\IntroScene.cpp">
      <Filter>소스 파일\GameScene</Filter>
    </ClCompile>
    <ClCompile Include="src\GameScene\PlayingScene.cpp">
      <Filter>소스 파일\GameScene</Filter>
    </ClCompile>
    <ClCompile Include="src\Stopwatch.cpp">
      <Filter>소스 파일</Filter>
    </ClCompile>
    <ClCompile Include="src\Manager\TextureManager.cpp">
      <Filter>소스 파일\Manager</Filter>
    </ClCompile>
    <ClCompile Include="src\GameScene\OutroScene.cpp">
      <Filter>소스 파일\GameScene</Filter>
    </ClCompile>
    <ClCompile Include="src\Component\Mouse.cpp">
      <Filter>소스 파일</Filter>
    </ClCompile>
    <ClCompile Include="src\MouseState.cpp">
      <Filter>소스 파일</Filter>
    </ClCompile>
  </ItemGroup>
</Project>